// !$*UTF8*$!
{
	archiveVersion = 1;
	classes = {
	};
	objectVersion = 77;
	objects = {

/* Begin PBXContainerItemProxy section */
		7679EF8A2CEEFCB9008296B6 /* PBXContainerItemProxy */ = {
			isa = PBXContainerItemProxy;
			containerPortal = 7679EF712CEEFCB7008296B6 /* Project object */;
			proxyType = 1;
			remoteGlobalIDString = 7679EF782CEEFCB7008296B6;
			remoteInfo = Clean2048;
		};
		7679EF942CEEFCB9008296B6 /* PBXContainerItemProxy */ = {
			isa = PBXContainerItemProxy;
			containerPortal = 7679EF712CEEFCB7008296B6 /* Project object */;
			proxyType = 1;
			remoteGlobalIDString = 7679EF782CEEFCB7008296B6;
			remoteInfo = Clean2048;
		};
/* End PBXContainerItemProxy section */

/* Begin PBXFileReference section */
		7679EF792CEEFCB7008296B6 /* Clean2048.app */ = {isa = PBXFileReference; explicitFileType = wrapper.application; includeInIndex = 0; path = Clean2048.app; sourceTree = BUILT_PRODUCTS_DIR; };
		7679EF892CEEFCB9008296B6 /* Clean2048Tests.xctest */ = {isa = PBXFileReference; explicitFileType = wrapper.cfbundle; includeInIndex = 0; path = Clean2048Tests.xctest; sourceTree = BUILT_PRODUCTS_DIR; };
		7679EF932CEEFCB9008296B6 /* Clean2048UITests.xctest */ = {isa = PBXFileReference; explicitFileType = wrapper.cfbundle; includeInIndex = 0; path = Clean2048UITests.xctest; sourceTree = BUILT_PRODUCTS_DIR; };
/* End PBXFileReference section */

/* Begin PBXFileSystemSynchronizedRootGroup section */
		7679EF7B2CEEFCB7008296B6 /* Clean2048 */ = {
			isa = PBXFileSystemSynchronizedRootGroup;
			path = Clean2048;
			sourceTree = "<group>";
		};
		7679EF8C2CEEFCB9008296B6 /* Clean2048Tests */ = {
			isa = PBXFileSystemSynchronizedRootGroup;
			path = Clean2048Tests;
			sourceTree = "<group>";
		};
		7679EF962CEEFCB9008296B6 /* Clean2048UITests */ = {
			isa = PBXFileSystemSynchronizedRootGroup;
			path = Clean2048UITests;
			sourceTree = "<group>";
		};
/* End PBXFileSystemSynchronizedRootGroup section */

/* Begin PBXFrameworksBuildPhase section */
		7679EF762CEEFCB7008296B6 /* Frameworks */ = {
			isa = PBXFrameworksBuildPhase;
			buildActionMask = 2147483647;
			files = (
			);
			runOnlyForDeploymentPostprocessing = 0;
		};
		7679EF862CEEFCB9008296B6 /* Frameworks */ = {
			isa = PBXFrameworksBuildPhase;
			buildActionMask = 2147483647;
			files = (
			);
			runOnlyForDeploymentPostprocessing = 0;
		};
		7679EF902CEEFCB9008296B6 /* Frameworks */ = {
			isa = PBXFrameworksBuildPhase;
			buildActionMask = 2147483647;
			files = (
			);
			runOnlyForDeploymentPostprocessing = 0;
		};
/* End PBXFrameworksBuildPhase section */

/* Begin PBXGroup section */
		7679EF702CEEFCB7008296B6 = {
			isa = PBXGroup;
			children = (
				7679EF7B2CEEFCB7008296B6 /* Clean2048 */,
				7679EF8C2CEEFCB9008296B6 /* Clean2048Tests */,
				7679EF962CEEFCB9008296B6 /* Clean2048UITests */,
				7679EF7A2CEEFCB7008296B6 /* Products */,
			);
			sourceTree = "<group>";
		};
		7679EF7A2CEEFCB7008296B6 /* Products */ = {
			isa = PBXGroup;
			children = (
				7679EF792CEEFCB7008296B6 /* Clean2048.app */,
				7679EF892CEEFCB9008296B6 /* Clean2048Tests.xctest */,
				7679EF932CEEFCB9008296B6 /* Clean2048UITests.xctest */,
			);
			name = Products;
			sourceTree = "<group>";
		};
/* End PBXGroup section */

/* Begin PBXNativeTarget section */
		7679EF782CEEFCB7008296B6 /* Clean2048 */ = {
			isa = PBXNativeTarget;
			buildConfigurationList = 7679EF9D2CEEFCB9008296B6 /* Build configuration list for PBXNativeTarget "Clean2048" */;
			buildPhases = (
				7679EF752CEEFCB7008296B6 /* Sources */,
				7679EF762CEEFCB7008296B6 /* Frameworks */,
				7679EF772CEEFCB7008296B6 /* Resources */,
			);
			buildRules = (
			);
			dependencies = (
			);
			fileSystemSynchronizedGroups = (
				7679EF7B2CEEFCB7008296B6 /* Clean2048 */,
			);
			name = Clean2048;
			packageProductDependencies = (
			);
			productName = Clean2048;
			productReference = 7679EF792CEEFCB7008296B6 /* Clean2048.app */;
			productType = "com.apple.product-type.application";
		};
		7679EF882CEEFCB9008296B6 /* Clean2048Tests */ = {
			isa = PBXNativeTarget;
			buildConfigurationList = 7679EFA02CEEFCB9008296B6 /* Build configuration list for PBXNativeTarget "Clean2048Tests" */;
			buildPhases = (
				7679EF852CEEFCB9008296B6 /* Sources */,
				7679EF862CEEFCB9008296B6 /* Frameworks */,
				7679EF872CEEFCB9008296B6 /* Resources */,
			);
			buildRules = (
			);
			dependencies = (
				7679EF8B2CEEFCB9008296B6 /* PBXTargetDependency */,
			);
			fileSystemSynchronizedGroups = (
				7679EF8C2CEEFCB9008296B6 /* Clean2048Tests */,
			);
			name = Clean2048Tests;
			packageProductDependencies = (
			);
			productName = Clean2048Tests;
			productReference = 7679EF892CEEFCB9008296B6 /* Clean2048Tests.xctest */;
			productType = "com.apple.product-type.bundle.unit-test";
		};
		7679EF922CEEFCB9008296B6 /* Clean2048UITests */ = {
			isa = PBXNativeTarget;
			buildConfigurationList = 7679EFA32CEEFCB9008296B6 /* Build configuration list for PBXNativeTarget "Clean2048UITests" */;
			buildPhases = (
				7679EF8F2CEEFCB9008296B6 /* Sources */,
				7679EF902CEEFCB9008296B6 /* Frameworks */,
				7679EF912CEEFCB9008296B6 /* Resources */,
			);
			buildRules = (
			);
			dependencies = (
				7679EF952CEEFCB9008296B6 /* PBXTargetDependency */,
			);
			fileSystemSynchronizedGroups = (
				7679EF962CEEFCB9008296B6 /* Clean2048UITests */,
			);
			name = Clean2048UITests;
			packageProductDependencies = (
			);
			productName = Clean2048UITests;
			productReference = 7679EF932CEEFCB9008296B6 /* Clean2048UITests.xctest */;
			productType = "com.apple.product-type.bundle.ui-testing";
		};
/* End PBXNativeTarget section */

/* Begin PBXProject section */
		7679EF712CEEFCB7008296B6 /* Project object */ = {
			isa = PBXProject;
			attributes = {
				BuildIndependentTargetsInParallel = 1;
				LastSwiftUpdateCheck = 1610;
				LastUpgradeCheck = 1610;
				TargetAttributes = {
					7679EF782CEEFCB7008296B6 = {
						CreatedOnToolsVersion = 16.1;
					};
					7679EF882CEEFCB9008296B6 = {
						CreatedOnToolsVersion = 16.1;
						TestTargetID = 7679EF782CEEFCB7008296B6;
					};
					7679EF922CEEFCB9008296B6 = {
						CreatedOnToolsVersion = 16.1;
						TestTargetID = 7679EF782CEEFCB7008296B6;
					};
				};
			};
			buildConfigurationList = 7679EF742CEEFCB7008296B6 /* Build configuration list for PBXProject "Clean2048" */;
			developmentRegion = en;
			hasScannedForEncodings = 0;
			knownRegions = (
				en,
				Base,
			);
			mainGroup = 7679EF702CEEFCB7008296B6;
			minimizedProjectReferenceProxies = 1;
			preferredProjectObjectVersion = 77;
			productRefGroup = 7679EF7A2CEEFCB7008296B6 /* Products */;
			projectDirPath = "";
			projectRoot = "";
			targets = (
				7679EF782CEEFCB7008296B6 /* Clean2048 */,
				7679EF882CEEFCB9008296B6 /* Clean2048Tests */,
				7679EF922CEEFCB9008296B6 /* Clean2048UITests */,
			);
		};
/* End PBXProject section */

/* Begin PBXResourcesBuildPhase section */
		7679EF772CEEFCB7008296B6 /* Resources */ = {
			isa = PBXResourcesBuildPhase;
			buildActionMask = 2147483647;
			files = (
			);
			runOnlyForDeploymentPostprocessing = 0;
		};
		7679EF872CEEFCB9008296B6 /* Resources */ = {
			isa = PBXResourcesBuildPhase;
			buildActionMask = 2147483647;
			files = (
			);
			runOnlyForDeploymentPostprocessing = 0;
		};
		7679EF912CEEFCB9008296B6 /* Resources */ = {
			isa = PBXResourcesBuildPhase;
			buildActionMask = 2147483647;
			files = (
			);
			runOnlyForDeploymentPostprocessing = 0;
		};
/* End PBXResourcesBuildPhase section */

/* Begin PBXSourcesBuildPhase section */
		7679EF752CEEFCB7008296B6 /* Sources */ = {
			isa = PBXSourcesBuildPhase;
			buildActionMask = 2147483647;
			files = (
			);
			runOnlyForDeploymentPostprocessing = 0;
		};
		7679EF852CEEFCB9008296B6 /* Sources */ = {
			isa = PBXSourcesBuildPhase;
			buildActionMask = 2147483647;
			files = (
			);
			runOnlyForDeploymentPostprocessing = 0;
		};
		7679EF8F2CEEFCB9008296B6 /* Sources */ = {
			isa = PBXSourcesBuildPhase;
			buildActionMask = 2147483647;
			files = (
			);
			runOnlyForDeploymentPostprocessing = 0;
		};
/* End PBXSourcesBuildPhase section */

/* Begin PBXTargetDependency section */
		7679EF8B2CEEFCB9008296B6 /* PBXTargetDependency */ = {
			isa = PBXTargetDependency;
			target = 7679EF782CEEFCB7008296B6 /* Clean2048 */;
			targetProxy = 7679EF8A2CEEFCB9008296B6 /* PBXContainerItemProxy */;
		};
		7679EF952CEEFCB9008296B6 /* PBXTargetDependency */ = {
			isa = PBXTargetDependency;
			target = 7679EF782CEEFCB7008296B6 /* Clean2048 */;
			targetProxy = 7679EF942CEEFCB9008296B6 /* PBXContainerItemProxy */;
		};
/* End PBXTargetDependency section */

/* Begin XCBuildConfiguration section */
		7679EF9B2CEEFCB9008296B6 /* Debug */ = {
			isa = XCBuildConfiguration;
			buildSettings = {
				ALWAYS_SEARCH_USER_PATHS = NO;
				ASSETCATALOG_COMPILER_GENERATE_SWIFT_ASSET_SYMBOL_EXTENSIONS = YES;
				CLANG_ANALYZER_NONNULL = YES;
				CLANG_ANALYZER_NUMBER_OBJECT_CONVERSION = YES_AGGRESSIVE;
				CLANG_CXX_LANGUAGE_STANDARD = "gnu++20";
				CLANG_ENABLE_MODULES = YES;
				CLANG_ENABLE_OBJC_ARC = YES;
				CLANG_ENABLE_OBJC_WEAK = YES;
				CLANG_WARN_BLOCK_CAPTURE_AUTORELEASING = YES;
				CLANG_WARN_BOOL_CONVERSION = YES;
				CLANG_WARN_COMMA = YES;
				CLANG_WARN_CONSTANT_CONVERSION = YES;
				CLANG_WARN_DEPRECATED_OBJC_IMPLEMENTATIONS = YES;
				CLANG_WARN_DIRECT_OBJC_ISA_USAGE = YES_ERROR;
				CLANG_WARN_DOCUMENTATION_COMMENTS = YES;
				CLANG_WARN_EMPTY_BODY = YES;
				CLANG_WARN_ENUM_CONVERSION = YES;
				CLANG_WARN_INFINITE_RECURSION = YES;
				CLANG_WARN_INT_CONVERSION = YES;
				CLANG_WARN_NON_LITERAL_NULL_CONVERSION = YES;
				CLANG_WARN_OBJC_IMPLICIT_RETAIN_SELF = YES;
				CLANG_WARN_OBJC_LITERAL_CONVERSION = YES;
				CLANG_WARN_OBJC_ROOT_CLASS = YES_ERROR;
				CLANG_WARN_QUOTED_INCLUDE_IN_FRAMEWORK_HEADER = YES;
				CLANG_WARN_RANGE_LOOP_ANALYSIS = YES;
				CLANG_WARN_STRICT_PROTOTYPES = YES;
				CLANG_WARN_SUSPICIOUS_MOVE = YES;
				CLANG_WARN_UNGUARDED_AVAILABILITY = YES_AGGRESSIVE;
				CLANG_WARN_UNREACHABLE_CODE = YES;
				CLANG_WARN__DUPLICATE_METHOD_MATCH = YES;
				COPY_PHASE_STRIP = NO;
				DEBUG_INFORMATION_FORMAT = dwarf;
				ENABLE_STRICT_OBJC_MSGSEND = YES;
				ENABLE_TESTABILITY = YES;
				ENABLE_USER_SCRIPT_SANDBOXING = YES;
				GCC_C_LANGUAGE_STANDARD = gnu17;
				GCC_DYNAMIC_NO_PIC = NO;
				GCC_NO_COMMON_BLOCKS = YES;
				GCC_OPTIMIZATION_LEVEL = 0;
				GCC_PREPROCESSOR_DEFINITIONS = (
					"DEBUG=1",
					"$(inherited)",
				);
				GCC_WARN_64_TO_32_BIT_CONVERSION = YES;
				GCC_WARN_ABOUT_RETURN_TYPE = YES_ERROR;
				GCC_WARN_UNDECLARED_SELECTOR = YES;
				GCC_WARN_UNINITIALIZED_AUTOS = YES_AGGRESSIVE;
				GCC_WARN_UNUSED_FUNCTION = YES;
				GCC_WARN_UNUSED_VARIABLE = YES;
				IPHONEOS_DEPLOYMENT_TARGET = 18.1;
				LOCALIZATION_PREFERS_STRING_CATALOGS = YES;
				MTL_ENABLE_DEBUG_INFO = INCLUDE_SOURCE;
				MTL_FAST_MATH = YES;
				ONLY_ACTIVE_ARCH = YES;
				SDKROOT = iphoneos;
				SWIFT_ACTIVE_COMPILATION_CONDITIONS = "DEBUG $(inherited)";
				SWIFT_OPTIMIZATION_LEVEL = "-Onone";
			};
			name = Debug;
		};
		7679EF9C2CEEFCB9008296B6 /* Release */ = {
			isa = XCBuildConfiguration;
			buildSettings = {
				ALWAYS_SEARCH_USER_PATHS = NO;
				ASSETCATALOG_COMPILER_GENERATE_SWIFT_ASSET_SYMBOL_EXTENSIONS = YES;
				CLANG_ANALYZER_NONNULL = YES;
				CLANG_ANALYZER_NUMBER_OBJECT_CONVERSION = YES_AGGRESSIVE;
				CLANG_CXX_LANGUAGE_STANDARD = "gnu++20";
				CLANG_ENABLE_MODULES = YES;
				CLANG_ENABLE_OBJC_ARC = YES;
				CLANG_ENABLE_OBJC_WEAK = YES;
				CLANG_WARN_BLOCK_CAPTURE_AUTORELEASING = YES;
				CLANG_WARN_BOOL_CONVERSION = YES;
				CLANG_WARN_COMMA = YES;
				CLANG_WARN_CONSTANT_CONVERSION = YES;
				CLANG_WARN_DEPRECATED_OBJC_IMPLEMENTATIONS = YES;
				CLANG_WARN_DIRECT_OBJC_ISA_USAGE = YES_ERROR;
				CLANG_WARN_DOCUMENTATION_COMMENTS = YES;
				CLANG_WARN_EMPTY_BODY = YES;
				CLANG_WARN_ENUM_CONVERSION = YES;
				CLANG_WARN_INFINITE_RECURSION = YES;
				CLANG_WARN_INT_CONVERSION = YES;
				CLANG_WARN_NON_LITERAL_NULL_CONVERSION = YES;
				CLANG_WARN_OBJC_IMPLICIT_RETAIN_SELF = YES;
				CLANG_WARN_OBJC_LITERAL_CONVERSION = YES;
				CLANG_WARN_OBJC_ROOT_CLASS = YES_ERROR;
				CLANG_WARN_QUOTED_INCLUDE_IN_FRAMEWORK_HEADER = YES;
				CLANG_WARN_RANGE_LOOP_ANALYSIS = YES;
				CLANG_WARN_STRICT_PROTOTYPES = YES;
				CLANG_WARN_SUSPICIOUS_MOVE = YES;
				CLANG_WARN_UNGUARDED_AVAILABILITY = YES_AGGRESSIVE;
				CLANG_WARN_UNREACHABLE_CODE = YES;
				CLANG_WARN__DUPLICATE_METHOD_MATCH = YES;
				COPY_PHASE_STRIP = NO;
				DEBUG_INFORMATION_FORMAT = "dwarf-with-dsym";
				ENABLE_NS_ASSERTIONS = NO;
				ENABLE_STRICT_OBJC_MSGSEND = YES;
				ENABLE_USER_SCRIPT_SANDBOXING = YES;
				GCC_C_LANGUAGE_STANDARD = gnu17;
				GCC_NO_COMMON_BLOCKS = YES;
				GCC_WARN_64_TO_32_BIT_CONVERSION = YES;
				GCC_WARN_ABOUT_RETURN_TYPE = YES_ERROR;
				GCC_WARN_UNDECLARED_SELECTOR = YES;
				GCC_WARN_UNINITIALIZED_AUTOS = YES_AGGRESSIVE;
				GCC_WARN_UNUSED_FUNCTION = YES;
				GCC_WARN_UNUSED_VARIABLE = YES;
				IPHONEOS_DEPLOYMENT_TARGET = 18.1;
				LOCALIZATION_PREFERS_STRING_CATALOGS = YES;
				MTL_ENABLE_DEBUG_INFO = NO;
				MTL_FAST_MATH = YES;
				SDKROOT = iphoneos;
				SWIFT_COMPILATION_MODE = wholemodule;
				VALIDATE_PRODUCT = YES;
			};
			name = Release;
		};
		7679EF9E2CEEFCB9008296B6 /* Debug */ = {
			isa = XCBuildConfiguration;
			buildSettings = {
				ASSETCATALOG_COMPILER_APPICON_NAME = AppIcon;
				ASSETCATALOG_COMPILER_GLOBAL_ACCENT_COLOR_NAME = AccentColor;
				CODE_SIGN_STYLE = Automatic;
				CURRENT_PROJECT_VERSION = 1;
				DEVELOPMENT_ASSET_PATHS = "";
				DEVELOPMENT_TEAM = 3Y2Y4CJNN6;
				ENABLE_PREVIEWS = YES;
				GENERATE_INFOPLIST_FILE = YES;
				INFOPLIST_KEY_UIApplicationSceneManifest_Generation = YES;
				INFOPLIST_KEY_UIApplicationSupportsIndirectInputEvents = YES;
				INFOPLIST_KEY_UILaunchScreen_Generation = YES;
				INFOPLIST_KEY_UISupportedInterfaceOrientations_iPad = "UIInterfaceOrientationPortrait UIInterfaceOrientationPortraitUpsideDown UIInterfaceOrientationLandscapeLeft UIInterfaceOrientationLandscapeRight";
				INFOPLIST_KEY_UISupportedInterfaceOrientations_iPhone = "UIInterfaceOrientationPortrait UIInterfaceOrientationLandscapeLeft UIInterfaceOrientationLandscapeRight";
				IPHONEOS_DEPLOYMENT_TARGET = 15.0;
				LD_RUNPATH_SEARCH_PATHS = (
					"$(inherited)",
					"@executable_path/Frameworks",
				);
				MARKETING_VERSION = 1.0;
				PRODUCT_BUNDLE_IDENTIFIER = io.Clean2048;
				PRODUCT_NAME = "$(TARGET_NAME)";
				SWIFT_EMIT_LOC_STRINGS = YES;
				SWIFT_VERSION = 5.0;
				TARGETED_DEVICE_FAMILY = "1,2";
			};
			name = Debug;
		};
		7679EF9F2CEEFCB9008296B6 /* Release */ = {
			isa = XCBuildConfiguration;
			buildSettings = {
				ASSETCATALOG_COMPILER_APPICON_NAME = AppIcon;
				ASSETCATALOG_COMPILER_GLOBAL_ACCENT_COLOR_NAME = AccentColor;
				CODE_SIGN_STYLE = Automatic;
				CURRENT_PROJECT_VERSION = 1;
				DEVELOPMENT_ASSET_PATHS = "";
				DEVELOPMENT_TEAM = 3Y2Y4CJNN6;
				ENABLE_PREVIEWS = YES;
				GENERATE_INFOPLIST_FILE = YES;
				INFOPLIST_KEY_UIApplicationSceneManifest_Generation = YES;
				INFOPLIST_KEY_UIApplicationSupportsIndirectInputEvents = YES;
				INFOPLIST_KEY_UILaunchScreen_Generation = YES;
				INFOPLIST_KEY_UISupportedInterfaceOrientations_iPad = "UIInterfaceOrientationPortrait UIInterfaceOrientationPortraitUpsideDown UIInterfaceOrientationLandscapeLeft UIInterfaceOrientationLandscapeRight";
				INFOPLIST_KEY_UISupportedInterfaceOrientations_iPhone = "UIInterfaceOrientationPortrait UIInterfaceOrientationLandscapeLeft UIInterfaceOrientationLandscapeRight";
				IPHONEOS_DEPLOYMENT_TARGET = 15.0;
				LD_RUNPATH_SEARCH_PATHS = (
					"$(inherited)",
					"@executable_path/Frameworks",
				);
				MARKETING_VERSION = 1.0;
				PRODUCT_BUNDLE_IDENTIFIER = io.Clean2048;
				PRODUCT_NAME = "$(TARGET_NAME)";
				SWIFT_EMIT_LOC_STRINGS = YES;
				SWIFT_VERSION = 5.0;
				TARGETED_DEVICE_FAMILY = "1,2";
			};
			name = Release;
		};
		7679EFA12CEEFCB9008296B6 /* Debug */ = {
			isa = XCBuildConfiguration;
			buildSettings = {
				BUNDLE_LOADER = "$(TEST_HOST)";
				CODE_SIGN_STYLE = Automatic;
				CURRENT_PROJECT_VERSION = 1;
				DEVELOPMENT_TEAM = 3Y2Y4CJNN6;
				GENERATE_INFOPLIST_FILE = YES;
				IPHONEOS_DEPLOYMENT_TARGET = 18.1;
				MARKETING_VERSION = 1.0;
				PRODUCT_BUNDLE_IDENTIFIER = io.Clean2048Tests;
				PRODUCT_NAME = "$(TARGET_NAME)";
				SWIFT_EMIT_LOC_STRINGS = NO;
				SWIFT_VERSION = 5.0;
				TARGETED_DEVICE_FAMILY = "1,2";
				TEST_HOST = "$(BUILT_PRODUCTS_DIR)/Clean2048.app/$(BUNDLE_EXECUTABLE_FOLDER_PATH)/Clean2048";
			};
			name = Debug;
		};
		7679EFA22CEEFCB9008296B6 /* Release */ = {
			isa = XCBuildConfiguration;
			buildSettings = {
				BUNDLE_LOADER = "$(TEST_HOST)";
				CODE_SIGN_STYLE = Automatic;
				CURRENT_PROJECT_VERSION = 1;
				DEVELOPMENT_TEAM = 3Y2Y4CJNN6;
				GENERATE_INFOPLIST_FILE = YES;
				IPHONEOS_DEPLOYMENT_TARGET = 18.1;
				MARKETING_VERSION = 1.0;
				PRODUCT_BUNDLE_IDENTIFIER = io.Clean2048Tests;
				PRODUCT_NAME = "$(TARGET_NAME)";
				SWIFT_EMIT_LOC_STRINGS = NO;
				SWIFT_VERSION = 5.0;
				TARGETED_DEVICE_FAMILY = "1,2";
				TEST_HOST = "$(BUILT_PRODUCTS_DIR)/Clean2048.app/$(BUNDLE_EXECUTABLE_FOLDER_PATH)/Clean2048";
			};
			name = Release;
		};
		7679EFA42CEEFCB9008296B6 /* Debug */ = {
			isa = XCBuildConfiguration;
			buildSettings = {
				CODE_SIGN_STYLE = Automatic;
				CURRENT_PROJECT_VERSION = 1;
				DEVELOPMENT_TEAM = 3Y2Y4CJNN6;
				GENERATE_INFOPLIST_FILE = YES;
				MARKETING_VERSION = 1.0;
				PRODUCT_BUNDLE_IDENTIFIER = io.Clean2048UITests;
				PRODUCT_NAME = "$(TARGET_NAME)";
				SWIFT_EMIT_LOC_STRINGS = NO;
				SWIFT_VERSION = 5.0;
				TARGETED_DEVICE_FAMILY = "1,2";
				TEST_TARGET_NAME = Clean2048;
			};
			name = Debug;
		};
		7679EFA52CEEFCB9008296B6 /* Release */ = {
			isa = XCBuildConfiguration;
			buildSettings = {
				CODE_SIGN_STYLE = Automatic;
				CURRENT_PROJECT_VERSION = 1;
				DEVELOPMENT_TEAM = 3Y2Y4CJNN6;
				GENERATE_INFOPLIST_FILE = YES;
				MARKETING_VERSION = 1.0;
				PRODUCT_BUNDLE_IDENTIFIER = io.Clean2048UITests;
				PRODUCT_NAME = "$(TARGET_NAME)";
				SWIFT_EMIT_LOC_STRINGS = NO;
				SWIFT_VERSION = 5.0;
				TARGETED_DEVICE_FAMILY = "1,2";
				TEST_TARGET_NAME = Clean2048;
			};
			name = Release;
		};
/* End XCBuildConfiguration section */

/* Begin XCConfigurationList section */
		7679EF742CEEFCB7008296B6 /* Build configuration list for PBXProject "Clean2048" */ = {
			isa = XCConfigurationList;
			buildConfigurations = (
				7679EF9B2CEEFCB9008296B6 /* Debug */,
				7679EF9C2CEEFCB9008296B6 /* Release */,
			);
			defaultConfigurationIsVisible = 0;
			defaultConfigurationName = Release;
		};
		7679EF9D2CEEFCB9008296B6 /* Build configuration list for PBXNativeTarget "Clean2048" */ = {
			isa = XCConfigurationList;
			buildConfigurations = (
				7679EF9E2CEEFCB9008296B6 /* Debug */,
				7679EF9F2CEEFCB9008296B6 /* Release */,
			);
			defaultConfigurationIsVisible = 0;
			defaultConfigurationName = Release;
		};
		7679EFA02CEEFCB9008296B6 /* Build configuration list for PBXNativeTarget "Clean2048Tests" */ = {
			isa = XCConfigurationList;
			buildConfigurations = (
				7679EFA12CEEFCB9008296B6 /* Debug */,
				7679EFA22CEEFCB9008296B6 /* Release */,
			);
			defaultConfigurationIsVisible = 0;
			defaultConfigurationName = Release;
		};
		7679EFA32CEEFCB9008296B6 /* Build configuration list for PBXNativeTarget "Clean2048UITests" */ = {
			isa = XCConfigurationList;
			buildConfigurations = (
				7679EFA42CEEFCB9008296B6 /* Debug */,
				7679EFA52CEEFCB9008296B6 /* Release */,
			);
			defaultConfigurationIsVisible = 0;
			defaultConfigurationName = Release;
		};
/* End XCConfigurationList section */
	};
	rootObject = 7679EF712CEEFCB7008296B6 /* Project object */;
}
